// !$*UTF8*$!
{
	archiveVersion = 1;
	classes = {
	};
	objectVersion = 46;
	objects = {

/* Begin PBXBuildFile section */
		66EF8EAE1DB566450097E470 /* StickerPackExtension.appex in Embed App Extensions */ = {isa = PBXBuildFile; fileRef = 66EF8EAD1DB566450097E470 /* StickerPackExtension.appex */; settings = {ATTRIBUTES = (RemoveHeadersOnCopy, ); }; };
		66EF8EB21DB566450097E470 /* Stickers.xcstickers in Resources */ = {isa = PBXBuildFile; fileRef = 66EF8EB11DB566450097E470 /* Stickers.xcstickers */; };
		66EF8EB31DB566450097E470 /* Stickers.xcstickers in Resources */ = {isa = PBXBuildFile; fileRef = 66EF8EB11DB566450097E470 /* Stickers.xcstickers */; };
/* End PBXBuildFile section */

/* Begin PBXContainerItemProxy section */
		66EF8EAF1DB566450097E470 /* PBXContainerItemProxy */ = {
			isa = PBXContainerItemProxy;
			containerPortal = 66EF8EA31DB566440097E470 /* Project object */;
			proxyType = 1;
			remoteGlobalIDString = 66EF8EAC1DB566450097E470;
			remoteInfo = StickerPackExtension;
		};
/* End PBXContainerItemProxy section */

/* Begin PBXCopyFilesBuildPhase section */
		66EF8EB91DB566450097E470 /* Embed App Extensions */ = {
			isa = PBXCopyFilesBuildPhase;
			buildActionMask = 2147483647;
			dstPath = "";
			dstSubfolderSpec = 13;
			files = (
				66EF8EAE1DB566450097E470 /* StickerPackExtension.appex in Embed App Extensions */,
			);
			name = "Embed App Extensions";
			runOnlyForDeploymentPostprocessing = 0;
		};
/* End PBXCopyFilesBuildPhase section */

/* Begin PBXFileReference section */
		66EF8EA91DB566450097E470 /* HabeshaMoji.app */ = {isa = PBXFileReference; explicitFileType = wrapper.application; includeInIndex = 0; path = HabeshaMoji.app; sourceTree = BUILT_PRODUCTS_DIR; };
		66EF8EAD1DB566450097E470 /* StickerPackExtension.appex */ = {isa = PBXFileReference; explicitFileType = "wrapper.app-extension"; includeInIndex = 0; path = StickerPackExtension.appex; sourceTree = BUILT_PRODUCTS_DIR; };
		66EF8EB11DB566450097E470 /* Stickers.xcstickers */ = {isa = PBXFileReference; lastKnownFileType = folder.stickers; name = Stickers.xcstickers; path = StickerPackExtension/Stickers.xcstickers; sourceTree = "<group>"; };
/* End PBXFileReference section */

/* Begin PBXGroup section */
		66EF8EA21DB566440097E470 = {
			isa = PBXGroup;
			children = (
				66EF8EB11DB566450097E470 /* Stickers.xcstickers */,
				66EF8EAA1DB566450097E470 /* Products */,
			);
			sourceTree = "<group>";
		};
		66EF8EAA1DB566450097E470 /* Products */ = {
			isa = PBXGroup;
			children = (
				66EF8EA91DB566450097E470 /* HabeshaMoji.app */,
				66EF8EAD1DB566450097E470 /* StickerPackExtension.appex */,
			);
			name = Products;
			sourceTree = "<group>";
		};
/* End PBXGroup section */

/* Begin PBXNativeTarget section */
		66EF8EA81DB566440097E470 /* HabeshaMoji */ = {
			isa = PBXNativeTarget;
			buildConfigurationList = 66EF8EBA1DB566450097E470 /* Build configuration list for PBXNativeTarget "HabeshaMoji" */;
			buildPhases = (
				66EF8EA71DB566440097E470 /* Resources */,
				66EF8EB91DB566450097E470 /* Embed App Extensions */,
			);
			buildRules = (
			);
			dependencies = (
				66EF8EB01DB566450097E470 /* PBXTargetDependency */,
			);
			name = HabeshaMoji;
			productName = HabeshaMoji;
			productReference = 66EF8EA91DB566450097E470 /* HabeshaMoji.app */;
			productType = "com.apple.product-type.application.messages";
		};
		66EF8EAC1DB566450097E470 /* StickerPackExtension */ = {
			isa = PBXNativeTarget;
			buildConfigurationList = 66EF8EB61DB566450097E470 /* Build configuration list for PBXNativeTarget "StickerPackExtension" */;
			buildPhases = (
				66EF8EAB1DB566450097E470 /* Resources */,
			);
			buildRules = (
			);
			dependencies = (
			);
			name = StickerPackExtension;
			productName = StickerPackExtension;
			productReference = 66EF8EAD1DB566450097E470 /* StickerPackExtension.appex */;
			productType = "com.apple.product-type.app-extension.messages-sticker-pack";
		};
/* End PBXNativeTarget section */

/* Begin PBXProject section */
		66EF8EA31DB566440097E470 /* Project object */ = {
			isa = PBXProject;
			attributes = {
				LastUpgradeCheck = 0800;
				ORGANIZATIONNAME = "Anteneh Sahledengel";
				TargetAttributes = {
					66EF8EA81DB566440097E470 = {
						CreatedOnToolsVersion = 8.0;
						DevelopmentTeam = FGEKQ9U6E7;
						ProvisioningStyle = Automatic;
					};
					66EF8EAC1DB566450097E470 = {
						CreatedOnToolsVersion = 8.0;
						DevelopmentTeam = FGEKQ9U6E7;
						ProvisioningStyle = Automatic;
					};
				};
			};
			buildConfigurationList = 66EF8EA61DB566440097E470 /* Build configuration list for PBXProject "HabeshaMoji" */;
			compatibilityVersion = "Xcode 3.2";
			developmentRegion = English;
			hasScannedForEncodings = 0;
			knownRegions = (
				en,
			);
			mainGroup = 66EF8EA21DB566440097E470;
			productRefGroup = 66EF8EAA1DB566450097E470 /* Products */;
			projectDirPath = "";
			projectRoot = "";
			targets = (
				66EF8EA81DB566440097E470 /* HabeshaMoji */,
				66EF8EAC1DB566450097E470 /* StickerPackExtension */,
			);
		};
/* End PBXProject section */

/* Begin PBXResourcesBuildPhase section */
		66EF8EA71DB566440097E470 /* Resources */ = {
			isa = PBXResourcesBuildPhase;
			buildActionMask = 2147483647;
			files = (
				66EF8EB31DB566450097E470 /* Stickers.xcstickers in Resources */,
			);
			runOnlyForDeploymentPostprocessing = 0;
		};
		66EF8EAB1DB566450097E470 /* Resources */ = {
			isa = PBXResourcesBuildPhase;
			buildActionMask = 2147483647;
			files = (
				66EF8EB21DB566450097E470 /* Stickers.xcstickers in Resources */,
			);
			runOnlyForDeploymentPostprocessing = 0;
		};
/* End PBXResourcesBuildPhase section */

/* Begin PBXTargetDependency section */
		66EF8EB01DB566450097E470 /* PBXTargetDependency */ = {
			isa = PBXTargetDependency;
			target = 66EF8EAC1DB566450097E470 /* StickerPackExtension */;
			targetProxy = 66EF8EAF1DB566450097E470 /* PBXContainerItemProxy */;
		};
/* End PBXTargetDependency section */

/* Begin XCBuildConfiguration section */
		66EF8EB41DB566450097E470 /* Debug */ = {
			isa = XCBuildConfiguration;
			buildSettings = {
				ALWAYS_SEARCH_USER_PATHS = NO;
				CLANG_ANALYZER_NONNULL = YES;
				CLANG_CXX_LANGUAGE_STANDARD = "gnu++0x";
				CLANG_CXX_LIBRARY = "libc++";
				CLANG_ENABLE_MODULES = YES;
				CLANG_ENABLE_OBJC_ARC = YES;
				CLANG_WARN_BOOL_CONVERSION = YES;
				CLANG_WARN_CONSTANT_CONVERSION = YES;
				CLANG_WARN_DIRECT_OBJC_ISA_USAGE = YES_ERROR;
				CLANG_WARN_DOCUMENTATION_COMMENTS = YES;
				CLANG_WARN_EMPTY_BODY = YES;
				CLANG_WARN_ENUM_CONVERSION = YES;
				CLANG_WARN_INFINITE_RECURSION = YES;
				CLANG_WARN_INT_CONVERSION = YES;
				CLANG_WARN_OBJC_ROOT_CLASS = YES_ERROR;
				CLANG_WARN_SUSPICIOUS_MOVES = YES;
				CLANG_WARN_UNREACHABLE_CODE = YES;
				CLANG_WARN__DUPLICATE_METHOD_MATCH = YES;
				"CODE_SIGN_IDENTITY[sdk=iphoneos*]" = "iPhone Developer";
				COPY_PHASE_STRIP = NO;
				DEBUG_INFORMATION_FORMAT = dwarf;
				ENABLE_STRICT_OBJC_MSGSEND = YES;
				ENABLE_TESTABILITY = YES;
				GCC_C_LANGUAGE_STANDARD = gnu99;
				GCC_DYNAMIC_NO_PIC = NO;
				GCC_NO_COMMON_BLOCKS = YES;
				GCC_OPTIMIZATION_LEVEL = 0;
				GCC_PREPROCESSOR_DEFINITIONS = (
					"DEBUG=1",
					"$(inherited)",
				);
				GCC_WARN_64_TO_32_BIT_CONVERSION = YES;
				GCC_WARN_ABOUT_RETURN_TYPE = YES_ERROR;
				GCC_WARN_UNDECLARED_SELECTOR = YES;
				GCC_WARN_UNINITIALIZED_AUTOS = YES_AGGRESSIVE;
				GCC_WARN_UNUSED_FUNCTION = YES;
				GCC_WARN_UNUSED_VARIABLE = YES;
				IPHONEOS_DEPLOYMENT_TARGET = 10.0;
				MTL_ENABLE_DEBUG_INFO = YES;
				ONLY_ACTIVE_ARCH = YES;
				SDKROOT = iphoneos;
			};
			name = Debug;
		};
		66EF8EB51DB566450097E470 /* Release */ = {
			isa = XCBuildConfiguration;
			buildSettings = {
				ALWAYS_SEARCH_USER_PATHS = NO;
				CLANG_ANALYZER_NONNULL = YES;
				CLANG_CXX_LANGUAGE_STANDARD = "gnu++0x";
				CLANG_CXX_LIBRARY = "libc++";
				CLANG_ENABLE_MODULES = YES;
				CLANG_ENABLE_OBJC_ARC = YES;
				CLANG_WARN_BOOL_CONVERSION = YES;
				CLANG_WARN_CONSTANT_CONVERSION = YES;
				CLANG_WARN_DIRECT_OBJC_ISA_USAGE = YES_ERROR;
				CLANG_WARN_DOCUMENTATION_COMMENTS = YES;
				CLANG_WARN_EMPTY_BODY = YES;
				CLANG_WARN_ENUM_CONVERSION = YES;
				CLANG_WARN_INFINITE_RECURSION = YES;
				CLANG_WARN_INT_CONVERSION = YES;
				CLANG_WARN_OBJC_ROOT_CLASS = YES_ERROR;
				CLANG_WARN_SUSPICIOUS_MOVES = YES;
				CLANG_WARN_UNREACHABLE_CODE = YES;
				CLANG_WARN__DUPLICATE_METHOD_MATCH = YES;
				"CODE_SIGN_IDENTITY[sdk=iphoneos*]" = "iPhone Developer";
				COPY_PHASE_STRIP = NO;
				DEBUG_INFORMATION_FORMAT = "dwarf-with-dsym";
				ENABLE_NS_ASSERTIONS = NO;
				ENABLE_STRICT_OBJC_MSGSEND = YES;
				GCC_C_LANGUAGE_STANDARD = gnu99;
				GCC_NO_COMMON_BLOCKS = YES;
				GCC_WARN_64_TO_32_BIT_CONVERSION = YES;
				GCC_WARN_ABOUT_RETURN_TYPE = YES_ERROR;
				GCC_WARN_UNDECLARED_SELECTOR = YES;
				GCC_WARN_UNINITIALIZED_AUTOS = YES_AGGRESSIVE;
				GCC_WARN_UNUSED_FUNCTION = YES;
				GCC_WARN_UNUSED_VARIABLE = YES;
				IPHONEOS_DEPLOYMENT_TARGET = 10.0;
				MTL_ENABLE_DEBUG_INFO = NO;
				SDKROOT = iphoneos;
				VALIDATE_PRODUCT = YES;
			};
			name = Release;
		};
		66EF8EB71DB566450097E470 /* Debug */ = {
			isa = XCBuildConfiguration;
			buildSettings = {
				ASSETCATALOG_COMPILER_APPICON_NAME = "iMessage App Icon";
				DEVELOPMENT_TEAM = FGEKQ9U6E7;
				INFOPLIST_FILE = StickerPackExtension/Info.plist;
				PRODUCT_BUNDLE_IDENTIFIER = ewketapps.HabeshaMoji.StickerPackExtension;
				PRODUCT_NAME = "$(TARGET_NAME)";
				SKIP_INSTALL = YES;
			};
			name = Debug;
		};
		66EF8EB81DB566450097E470 /* Release */ = {
			isa = XCBuildConfiguration;
			buildSettings = {
				ASSETCATALOG_COMPILER_APPICON_NAME = "iMessage App Icon";
				DEVELOPMENT_TEAM = FGEKQ9U6E7;
				INFOPLIST_FILE = StickerPackExtension/Info.plist;
				PRODUCT_BUNDLE_IDENTIFIER = ewketapps.HabeshaMoji.StickerPackExtension;
				PRODUCT_NAME = "$(TARGET_NAME)";
				SKIP_INSTALL = YES;
			};
			name = Release;
		};
		66EF8EBB1DB566450097E470 /* Debug */ = {
			isa = XCBuildConfiguration;
			buildSettings = {
				ASSETCATALOG_COMPILER_APPICON_NAME = "iMessage App Icon";
				DEVELOPMENT_TEAM = FGEKQ9U6E7;
				INFOPLIST_FILE = HabeshaMoji/Info.plist;
				PRODUCT_BUNDLE_IDENTIFIER = ewketapps.HabeshaMoji;
				PRODUCT_NAME = "$(TARGET_NAME)";
				TARGETED_DEVICE_FAMILY = "1,2";
			};
			name = Debug;
		};
		66EF8EBC1DB566450097E470 /* Release */ = {
			isa = XCBuildConfiguration;
			buildSettings = {
				ASSETCATALOG_COMPILER_APPICON_NAME = "iMessage App Icon";
				DEVELOPMENT_TEAM = FGEKQ9U6E7;
				INFOPLIST_FILE = HabeshaMoji/Info.plist;
				PRODUCT_BUNDLE_IDENTIFIER = ewketapps.HabeshaMoji;
				PRODUCT_NAME = "$(TARGET_NAME)";
				TARGETED_DEVICE_FAMILY = "1,2";
			};
			name = Release;
		};
/* End XCBuildConfiguration section */

/* Begin XCConfigurationList section */
		66EF8EA61DB566440097E470 /* Build configuration list for PBXProject "HabeshaMoji" */ = {
			isa = XCConfigurationList;
			buildConfigurations = (
				66EF8EB41DB566450097E470 /* Debug */,
				66EF8EB51DB566450097E470 /* Release */,
			);
			defaultConfigurationIsVisible = 0;
			defaultConfigurationName = Release;
		};
		66EF8EB61DB566450097E470 /* Build configuration list for PBXNativeTarget "StickerPackExtension" */ = {
			isa = XCConfigurationList;
			buildConfigurations = (
				66EF8EB71DB566450097E470 /* Debug */,
				66EF8EB81DB566450097E470 /* Release */,
			);
			defaultConfigurationIsVisible = 0;
		};
		66EF8EBA1DB566450097E470 /* Build configuration list for PBXNativeTarget "HabeshaMoji" */ = {
			isa = XCConfigurationList;
			buildConfigurations = (
				66EF8EBB1DB566450097E470 /* Debug */,
				66EF8EBC1DB566450097E470 /* Release */,
			);
			defaultConfigurationIsVisible = 0;
		};
/* End XCConfigurationList section */
	};
	rootObject = 66EF8EA31DB566440097E470 /* Project object */;
}
